// !$*UTF8*$!
{
	archiveVersion = 1;
	classes = {
	};
	objectVersion = 50;
	objects = {

/* Begin PBXBuildFile section */
		D314AE05251C45EC00414D41 /* AppDelegate.swift in Sources */ = {isa = PBXBuildFile; fileRef = D314AE04251C45EC00414D41 /* AppDelegate.swift */; };
		D314AE07251C45EC00414D41 /* SceneDelegate.swift in Sources */ = {isa = PBXBuildFile; fileRef = D314AE06251C45EC00414D41 /* SceneDelegate.swift */; };
		D314AE09251C45EC00414D41 /* ViewController.swift in Sources */ = {isa = PBXBuildFile; fileRef = D314AE08251C45EC00414D41 /* ViewController.swift */; };
		D314AE0C251C45EC00414D41 /* Main.storyboard in Resources */ = {isa = PBXBuildFile; fileRef = D314AE0A251C45EC00414D41 /* Main.storyboard */; };
		D314AE0E251C45F300414D41 /* Assets.xcassets in Resources */ = {isa = PBXBuildFile; fileRef = D314AE0D251C45F300414D41 /* Assets.xcassets */; };
		D314AE11251C45F300414D41 /* LaunchScreen.storyboard in Resources */ = {isa = PBXBuildFile; fileRef = D314AE0F251C45F300414D41 /* LaunchScreen.storyboard */; };
		D314AE1C251C45F300414D41 /* TestPopupTests.swift in Sources */ = {isa = PBXBuildFile; fileRef = D314AE1B251C45F300414D41 /* TestPopupTests.swift */; };
		D314AE27251C45F300414D41 /* TestPopupUITests.swift in Sources */ = {isa = PBXBuildFile; fileRef = D314AE26251C45F300414D41 /* TestPopupUITests.swift */; };
/* End PBXBuildFile section */

/* Begin PBXContainerItemProxy section */
		D314AE18251C45F300414D41 /* PBXContainerItemProxy */ = {
			isa = PBXContainerItemProxy;
			containerPortal = D314ADF9251C45EC00414D41 /* Project object */;
			proxyType = 1;
			remoteGlobalIDString = D314AE00251C45EC00414D41;
			remoteInfo = TestPopup;
		};
		D314AE23251C45F300414D41 /* PBXContainerItemProxy */ = {
			isa = PBXContainerItemProxy;
			containerPortal = D314ADF9251C45EC00414D41 /* Project object */;
			proxyType = 1;
			remoteGlobalIDString = D314AE00251C45EC00414D41;
			remoteInfo = TestPopup;
		};
/* End PBXContainerItemProxy section */

/* Begin PBXFileReference section */
		D314AE01251C45EC00414D41 /* TestPopup.app */ = {isa = PBXFileReference; explicitFileType = wrapper.application; includeInIndex = 0; path = TestPopup.app; sourceTree = BUILT_PRODUCTS_DIR; };
		D314AE04251C45EC00414D41 /* AppDelegate.swift */ = {isa = PBXFileReference; lastKnownFileType = sourcecode.swift; path = AppDelegate.swift; sourceTree = "<group>"; };
		D314AE06251C45EC00414D41 /* SceneDelegate.swift */ = {isa = PBXFileReference; lastKnownFileType = sourcecode.swift; path = SceneDelegate.swift; sourceTree = "<group>"; };
		D314AE08251C45EC00414D41 /* ViewController.swift */ = {isa = PBXFileReference; lastKnownFileType = sourcecode.swift; path = ViewController.swift; sourceTree = "<group>"; };
		D314AE0B251C45EC00414D41 /* Base */ = {isa = PBXFileReference; lastKnownFileType = file.storyboard; name = Base; path = Base.lproj/Main.storyboard; sourceTree = "<group>"; };
		D314AE0D251C45F300414D41 /* Assets.xcassets */ = {isa = PBXFileReference; lastKnownFileType = folder.assetcatalog; path = Assets.xcassets; sourceTree = "<group>"; };
		D314AE10251C45F300414D41 /* Base */ = {isa = PBXFileReference; lastKnownFileType = file.storyboard; name = Base; path = Base.lproj/LaunchScreen.storyboard; sourceTree = "<group>"; };
		D314AE12251C45F300414D41 /* Info.plist */ = {isa = PBXFileReference; lastKnownFileType = text.plist.xml; path = Info.plist; sourceTree = "<group>"; };
		D314AE17251C45F300414D41 /* TestPopupTests.xctest */ = {isa = PBXFileReference; explicitFileType = wrapper.cfbundle; includeInIndex = 0; path = TestPopupTests.xctest; sourceTree = BUILT_PRODUCTS_DIR; };
		D314AE1B251C45F300414D41 /* TestPopupTests.swift */ = {isa = PBXFileReference; lastKnownFileType = sourcecode.swift; path = TestPopupTests.swift; sourceTree = "<group>"; };
		D314AE1D251C45F300414D41 /* Info.plist */ = {isa = PBXFileReference; lastKnownFileType = text.plist.xml; path = Info.plist; sourceTree = "<group>"; };
		D314AE22251C45F300414D41 /* TestPopupUITests.xctest */ = {isa = PBXFileReference; explicitFileType = wrapper.cfbundle; includeInIndex = 0; path = TestPopupUITests.xctest; sourceTree = BUILT_PRODUCTS_DIR; };
		D314AE26251C45F300414D41 /* TestPopupUITests.swift */ = {isa = PBXFileReference; lastKnownFileType = sourcecode.swift; path = TestPopupUITests.swift; sourceTree = "<group>"; };
		D314AE28251C45F300414D41 /* Info.plist */ = {isa = PBXFileReference; lastKnownFileType = text.plist.xml; path = Info.plist; sourceTree = "<group>"; };
/* End PBXFileReference section */

/* Begin PBXFrameworksBuildPhase section */
		D314ADFE251C45EC00414D41 /* Frameworks */ = {
			isa = PBXFrameworksBuildPhase;
			buildActionMask = 2147483647;
			files = (
			);
			runOnlyForDeploymentPostprocessing = 0;
		};
		D314AE14251C45F300414D41 /* Frameworks */ = {
			isa = PBXFrameworksBuildPhase;
			buildActionMask = 2147483647;
			files = (
			);
			runOnlyForDeploymentPostprocessing = 0;
		};
		D314AE1F251C45F300414D41 /* Frameworks */ = {
			isa = PBXFrameworksBuildPhase;
			buildActionMask = 2147483647;
			files = (
			);
			runOnlyForDeploymentPostprocessing = 0;
		};
/* End PBXFrameworksBuildPhase section */

/* Begin PBXGroup section */
		D314ADF8251C45EC00414D41 = {
			isa = PBXGroup;
			children = (
				D314AE03251C45EC00414D41 /* TestPopup */,
				D314AE1A251C45F300414D41 /* TestPopupTests */,
				D314AE25251C45F300414D41 /* TestPopupUITests */,
				D314AE02251C45EC00414D41 /* Products */,
			);
			sourceTree = "<group>";
		};
		D314AE02251C45EC00414D41 /* Products */ = {
			isa = PBXGroup;
			children = (
				D314AE01251C45EC00414D41 /* TestPopup.app */,
				D314AE17251C45F300414D41 /* TestPopupTests.xctest */,
				D314AE22251C45F300414D41 /* TestPopupUITests.xctest */,
			);
			name = Products;
			sourceTree = "<group>";
		};
		D314AE03251C45EC00414D41 /* TestPopup */ = {
			isa = PBXGroup;
			children = (
				D314AE04251C45EC00414D41 /* AppDelegate.swift */,
				D314AE06251C45EC00414D41 /* SceneDelegate.swift */,
				D314AE08251C45EC00414D41 /* ViewController.swift */,
				D314AE0A251C45EC00414D41 /* Main.storyboard */,
				D314AE0D251C45F300414D41 /* Assets.xcassets */,
				D314AE0F251C45F300414D41 /* LaunchScreen.storyboard */,
				D314AE12251C45F300414D41 /* Info.plist */,
			);
			path = TestPopup;
			sourceTree = "<group>";
		};
		D314AE1A251C45F300414D41 /* TestPopupTests */ = {
			isa = PBXGroup;
			children = (
				D314AE1B251C45F300414D41 /* TestPopupTests.swift */,
				D314AE1D251C45F300414D41 /* Info.plist */,
			);
			path = TestPopupTests;
			sourceTree = "<group>";
		};
		D314AE25251C45F300414D41 /* TestPopupUITests */ = {
			isa = PBXGroup;
			children = (
				D314AE26251C45F300414D41 /* TestPopupUITests.swift */,
				D314AE28251C45F300414D41 /* Info.plist */,
			);
			path = TestPopupUITests;
			sourceTree = "<group>";
		};
/* End PBXGroup section */

/* Begin PBXNativeTarget section */
		D314AE00251C45EC00414D41 /* TestPopup */ = {
			isa = PBXNativeTarget;
			buildConfigurationList = D314AE2B251C45F300414D41 /* Build configuration list for PBXNativeTarget "TestPopup" */;
			buildPhases = (
				D314ADFD251C45EC00414D41 /* Sources */,
				D314ADFE251C45EC00414D41 /* Frameworks */,
				D314ADFF251C45EC00414D41 /* Resources */,
			);
			buildRules = (
			);
			dependencies = (
			);
			name = TestPopup;
			productName = TestPopup;
			productReference = D314AE01251C45EC00414D41 /* TestPopup.app */;
			productType = "com.apple.product-type.application";
		};
		D314AE16251C45F300414D41 /* TestPopupTests */ = {
			isa = PBXNativeTarget;
			buildConfigurationList = D314AE2E251C45F300414D41 /* Build configuration list for PBXNativeTarget "TestPopupTests" */;
			buildPhases = (
				D314AE13251C45F300414D41 /* Sources */,
				D314AE14251C45F300414D41 /* Frameworks */,
				D314AE15251C45F300414D41 /* Resources */,
			);
			buildRules = (
			);
			dependencies = (
				D314AE19251C45F300414D41 /* PBXTargetDependency */,
			);
			name = TestPopupTests;
			productName = TestPopupTests;
			productReference = D314AE17251C45F300414D41 /* TestPopupTests.xctest */;
			productType = "com.apple.product-type.bundle.unit-test";
		};
		D314AE21251C45F300414D41 /* TestPopupUITests */ = {
			isa = PBXNativeTarget;
			buildConfigurationList = D314AE31251C45F300414D41 /* Build configuration list for PBXNativeTarget "TestPopupUITests" */;
			buildPhases = (
				D314AE1E251C45F300414D41 /* Sources */,
				D314AE1F251C45F300414D41 /* Frameworks */,
				D314AE20251C45F300414D41 /* Resources */,
			);
			buildRules = (
			);
			dependencies = (
				D314AE24251C45F300414D41 /* PBXTargetDependency */,
			);
			name = TestPopupUITests;
			productName = TestPopupUITests;
			productReference = D314AE22251C45F300414D41 /* TestPopupUITests.xctest */;
			productType = "com.apple.product-type.bundle.ui-testing";
		};
/* End PBXNativeTarget section */

/* Begin PBXProject section */
		D314ADF9251C45EC00414D41 /* Project object */ = {
			isa = PBXProject;
			attributes = {
				LastSwiftUpdateCheck = 1200;
				LastUpgradeCheck = 1200;
				TargetAttributes = {
					D314AE00251C45EC00414D41 = {
						CreatedOnToolsVersion = 12.0;
					};
					D314AE16251C45F300414D41 = {
						CreatedOnToolsVersion = 12.0;
						TestTargetID = D314AE00251C45EC00414D41;
					};
					D314AE21251C45F300414D41 = {
						CreatedOnToolsVersion = 12.0;
						TestTargetID = D314AE00251C45EC00414D41;
					};
				};
			};
			buildConfigurationList = D314ADFC251C45EC00414D41 /* Build configuration list for PBXProject "TestPopup" */;
			compatibilityVersion = "Xcode 9.3";
			developmentRegion = en;
			hasScannedForEncodings = 0;
			knownRegions = (
				en,
				Base,
			);
			mainGroup = D314ADF8251C45EC00414D41;
			productRefGroup = D314AE02251C45EC00414D41 /* Products */;
			projectDirPath = "";
			projectRoot = "";
			targets = (
				D314AE00251C45EC00414D41 /* TestPopup */,
				D314AE16251C45F300414D41 /* TestPopupTests */,
				D314AE21251C45F300414D41 /* TestPopupUITests */,
			);
		};
/* End PBXProject section */

/* Begin PBXResourcesBuildPhase section */
		D314ADFF251C45EC00414D41 /* Resources */ = {
			isa = PBXResourcesBuildPhase;
			buildActionMask = 2147483647;
			files = (
				D314AE11251C45F300414D41 /* LaunchScreen.storyboard in Resources */,
				D314AE0E251C45F300414D41 /* Assets.xcassets in Resources */,
				D314AE0C251C45EC00414D41 /* Main.storyboard in Resources */,
			);
			runOnlyForDeploymentPostprocessing = 0;
		};
		D314AE15251C45F300414D41 /* Resources */ = {
			isa = PBXResourcesBuildPhase;
			buildActionMask = 2147483647;
			files = (
			);
			runOnlyForDeploymentPostprocessing = 0;
		};
		D314AE20251C45F300414D41 /* Resources */ = {
			isa = PBXResourcesBuildPhase;
			buildActionMask = 2147483647;
			files = (
			);
			runOnlyForDeploymentPostprocessing = 0;
		};
/* End PBXResourcesBuildPhase section */

/* Begin PBXSourcesBuildPhase section */
		D314ADFD251C45EC00414D41 /* Sources */ = {
			isa = PBXSourcesBuildPhase;
			buildActionMask = 2147483647;
			files = (
				D314AE09251C45EC00414D41 /* ViewController.swift in Sources */,
				D314AE05251C45EC00414D41 /* AppDelegate.swift in Sources */,
				D314AE07251C45EC00414D41 /* SceneDelegate.swift in Sources */,
			);
			runOnlyForDeploymentPostprocessing = 0;
		};
		D314AE13251C45F300414D41 /* Sources */ = {
			isa = PBXSourcesBuildPhase;
			buildActionMask = 2147483647;
			files = (
				D314AE1C251C45F300414D41 /* TestPopupTests.swift in Sources */,
			);
			runOnlyForDeploymentPostprocessing = 0;
		};
		D314AE1E251C45F300414D41 /* Sources */ = {
			isa = PBXSourcesBuildPhase;
			buildActionMask = 2147483647;
			files = (
				D314AE27251C45F300414D41 /* TestPopupUITests.swift in Sources */,
			);
			runOnlyForDeploymentPostprocessing = 0;
		};
/* End PBXSourcesBuildPhase section */

/* Begin PBXTargetDependency section */
		D314AE19251C45F300414D41 /* PBXTargetDependency */ = {
			isa = PBXTargetDependency;
			target = D314AE00251C45EC00414D41 /* TestPopup */;
			targetProxy = D314AE18251C45F300414D41 /* PBXContainerItemProxy */;
		};
		D314AE24251C45F300414D41 /* PBXTargetDependency */ = {
			isa = PBXTargetDependency;
			target = D314AE00251C45EC00414D41 /* TestPopup */;
			targetProxy = D314AE23251C45F300414D41 /* PBXContainerItemProxy */;
		};
/* End PBXTargetDependency section */

/* Begin PBXVariantGroup section */
		D314AE0A251C45EC00414D41 /* Main.storyboard */ = {
			isa = PBXVariantGroup;
			children = (
				D314AE0B251C45EC00414D41 /* Base */,
			);
			name = Main.storyboard;
			sourceTree = "<group>";
		};
		D314AE0F251C45F300414D41 /* LaunchScreen.storyboard */ = {
			isa = PBXVariantGroup;
			children = (
				D314AE10251C45F300414D41 /* Base */,
			);
			name = LaunchScreen.storyboard;
			sourceTree = "<group>";
		};
/* End PBXVariantGroup section */

/* Begin XCBuildConfiguration section */
		D314AE29251C45F300414D41 /* Debug */ = {
			isa = XCBuildConfiguration;
			buildSettings = {
				ALWAYS_SEARCH_USER_PATHS = NO;
				CLANG_ANALYZER_NONNULL = YES;
				CLANG_ANALYZER_NUMBER_OBJECT_CONVERSION = YES_AGGRESSIVE;
				CLANG_CXX_LANGUAGE_STANDARD = "gnu++14";
				CLANG_CXX_LIBRARY = "libc++";
				CLANG_ENABLE_MODULES = YES;
				CLANG_ENABLE_OBJC_ARC = YES;
				CLANG_ENABLE_OBJC_WEAK = YES;
				CLANG_WARN_BLOCK_CAPTURE_AUTORELEASING = YES;
				CLANG_WARN_BOOL_CONVERSION = YES;
				CLANG_WARN_COMMA = YES;
				CLANG_WARN_CONSTANT_CONVERSION = YES;
				CLANG_WARN_DEPRECATED_OBJC_IMPLEMENTATIONS = YES;
				CLANG_WARN_DIRECT_OBJC_ISA_USAGE = YES_ERROR;
				CLANG_WARN_DOCUMENTATION_COMMENTS = YES;
				CLANG_WARN_EMPTY_BODY = YES;
				CLANG_WARN_ENUM_CONVERSION = YES;
				CLANG_WARN_INFINITE_RECURSION = YES;
				CLANG_WARN_INT_CONVERSION = YES;
				CLANG_WARN_NON_LITERAL_NULL_CONVERSION = YES;
				CLANG_WARN_OBJC_IMPLICIT_RETAIN_SELF = YES;
				CLANG_WARN_OBJC_LITERAL_CONVERSION = YES;
				CLANG_WARN_OBJC_ROOT_CLASS = YES_ERROR;
				CLANG_WARN_QUOTED_INCLUDE_IN_FRAMEWORK_HEADER = YES;
				CLANG_WARN_RANGE_LOOP_ANALYSIS = YES;
				CLANG_WARN_STRICT_PROTOTYPES = YES;
				CLANG_WARN_SUSPICIOUS_MOVE = YES;
				CLANG_WARN_UNGUARDED_AVAILABILITY = YES_AGGRESSIVE;
				CLANG_WARN_UNREACHABLE_CODE = YES;
				CLANG_WARN__DUPLICATE_METHOD_MATCH = YES;
				COPY_PHASE_STRIP = NO;
				DEBUG_INFORMATION_FORMAT = dwarf;
				ENABLE_STRICT_OBJC_MSGSEND = YES;
				ENABLE_TESTABILITY = YES;
				GCC_C_LANGUAGE_STANDARD = gnu11;
				GCC_DYNAMIC_NO_PIC = NO;
				GCC_NO_COMMON_BLOCKS = YES;
				GCC_OPTIMIZATION_LEVEL = 0;
				GCC_PREPROCESSOR_DEFINITIONS = (
					"DEBUG=1",
					"$(inherited)",
				);
				GCC_WARN_64_TO_32_BIT_CONVERSION = YES;
				GCC_WARN_ABOUT_RETURN_TYPE = YES_ERROR;
				GCC_WARN_UNDECLARED_SELECTOR = YES;
				GCC_WARN_UNINITIALIZED_AUTOS = YES_AGGRESSIVE;
				GCC_WARN_UNUSED_FUNCTION = YES;
				GCC_WARN_UNUSED_VARIABLE = YES;
				IPHONEOS_DEPLOYMENT_TARGET = 14.0;
				MTL_ENABLE_DEBUG_INFO = INCLUDE_SOURCE;
				MTL_FAST_MATH = YES;
				ONLY_ACTIVE_ARCH = YES;
				SDKROOT = iphoneos;
				SWIFT_ACTIVE_COMPILATION_CONDITIONS = DEBUG;
				SWIFT_OPTIMIZATION_LEVEL = "-Onone";
			};
			name = Debug;
		};
		D314AE2A251C45F300414D41 /* Release */ = {
			isa = XCBuildConfiguration;
			buildSettings = {
				ALWAYS_SEARCH_USER_PATHS = NO;
				CLANG_ANALYZER_NONNULL = YES;
				CLANG_ANALYZER_NUMBER_OBJECT_CONVERSION = YES_AGGRESSIVE;
				CLANG_CXX_LANGUAGE_STANDARD = "gnu++14";
				CLANG_CXX_LIBRARY = "libc++";
				CLANG_ENABLE_MODULES = YES;
				CLANG_ENABLE_OBJC_ARC = YES;
				CLANG_ENABLE_OBJC_WEAK = YES;
				CLANG_WARN_BLOCK_CAPTURE_AUTORELEASING = YES;
				CLANG_WARN_BOOL_CONVERSION = YES;
				CLANG_WARN_COMMA = YES;
				CLANG_WARN_CONSTANT_CONVERSION = YES;
				CLANG_WARN_DEPRECATED_OBJC_IMPLEMENTATIONS = YES;
				CLANG_WARN_DIRECT_OBJC_ISA_USAGE = YES_ERROR;
				CLANG_WARN_DOCUMENTATION_COMMENTS = YES;
				CLANG_WARN_EMPTY_BODY = YES;
				CLANG_WARN_ENUM_CONVERSION = YES;
				CLANG_WARN_INFINITE_RECURSION = YES;
				CLANG_WARN_INT_CONVERSION = YES;
				CLANG_WARN_NON_LITERAL_NULL_CONVERSION = YES;
				CLANG_WARN_OBJC_IMPLICIT_RETAIN_SELF = YES;
				CLANG_WARN_OBJC_LITERAL_CONVERSION = YES;
				CLANG_WARN_OBJC_ROOT_CLASS = YES_ERROR;
				CLANG_WARN_QUOTED_INCLUDE_IN_FRAMEWORK_HEADER = YES;
				CLANG_WARN_RANGE_LOOP_ANALYSIS = YES;
				CLANG_WARN_STRICT_PROTOTYPES = YES;
				CLANG_WARN_SUSPICIOUS_MOVE = YES;
				CLANG_WARN_UNGUARDED_AVAILABILITY = YES_AGGRESSIVE;
				CLANG_WARN_UNREACHABLE_CODE = YES;
				CLANG_WARN__DUPLICATE_METHOD_MATCH = YES;
				COPY_PHASE_STRIP = NO;
				DEBUG_INFORMATION_FORMAT = "dwarf-with-dsym";
				ENABLE_NS_ASSERTIONS = NO;
				ENABLE_STRICT_OBJC_MSGSEND = YES;
				GCC_C_LANGUAGE_STANDARD = gnu11;
				GCC_NO_COMMON_BLOCKS = YES;
				GCC_WARN_64_TO_32_BIT_CONVERSION = YES;
				GCC_WARN_ABOUT_RETURN_TYPE = YES_ERROR;
				GCC_WARN_UNDECLARED_SELECTOR = YES;
				GCC_WARN_UNINITIALIZED_AUTOS = YES_AGGRESSIVE;
				GCC_WARN_UNUSED_FUNCTION = YES;
				GCC_WARN_UNUSED_VARIABLE = YES;
				IPHONEOS_DEPLOYMENT_TARGET = 14.0;
				MTL_ENABLE_DEBUG_INFO = NO;
				MTL_FAST_MATH = YES;
				SDKROOT = iphoneos;
				SWIFT_COMPILATION_MODE = wholemodule;
				SWIFT_OPTIMIZATION_LEVEL = "-O";
				VALIDATE_PRODUCT = YES;
			};
			name = Release;
		};
		D314AE2C251C45F300414D41 /* Debug */ = {
			isa = XCBuildConfiguration;
			buildSettings = {
				ASSETCATALOG_COMPILER_APPICON_NAME = AppIcon;
				ASSETCATALOG_COMPILER_GLOBAL_ACCENT_COLOR_NAME = AccentColor;
				CODE_SIGN_STYLE = Automatic;
				INFOPLIST_FILE = TestPopup/Info.plist;
				LD_RUNPATH_SEARCH_PATHS = (
					"$(inherited)",
					"@executable_path/Frameworks",
				);
				PRODUCT_BUNDLE_IDENTIFIER = com.hikawaproj.TestPopup;
				PRODUCT_NAME = "$(TARGET_NAME)";
				SWIFT_VERSION = 5.0;
				TARGETED_DEVICE_FAMILY = "1,2";
			};
			name = Debug;
		};
		D314AE2D251C45F300414D41 /* Release */ = {
			isa = XCBuildConfiguration;
			buildSettings = {
				ASSETCATALOG_COMPILER_APPICON_NAME = AppIcon;
				ASSETCATALOG_COMPILER_GLOBAL_ACCENT_COLOR_NAME = AccentColor;
				CODE_SIGN_STYLE = Automatic;
				INFOPLIST_FILE = TestPopup/Info.plist;
				LD_RUNPATH_SEARCH_PATHS = (
					"$(inherited)",
					"@executable_path/Frameworks",
				);
				PRODUCT_BUNDLE_IDENTIFIER = com.hikawaproj.TestPopup;
				PRODUCT_NAME = "$(TARGET_NAME)";
				SWIFT_VERSION = 5.0;
				TARGETED_DEVICE_FAMILY = "1,2";
			};
			name = Release;
		};
		D314AE2F251C45F300414D41 /* Debug */ = {
			isa = XCBuildConfiguration;
			buildSettings = {
				ALWAYS_EMBED_SWIFT_STANDARD_LIBRARIES = YES;
				BUNDLE_LOADER = "$(TEST_HOST)";
				CODE_SIGN_STYLE = Automatic;
				INFOPLIST_FILE = TestPopupTests/Info.plist;
				IPHONEOS_DEPLOYMENT_TARGET = 14.0;
				LD_RUNPATH_SEARCH_PATHS = (
					"$(inherited)",
					"@executable_path/Frameworks",
					"@loader_path/Frameworks",
				);
				PRODUCT_BUNDLE_IDENTIFIER = com.hikawaproj.TestPopupTests;
				PRODUCT_NAME = "$(TARGET_NAME)";
				SWIFT_VERSION = 5.0;
				TARGETED_DEVICE_FAMILY = "1,2";
				TEST_HOST = "$(BUILT_PRODUCTS_DIR)/TestPopup.app/TestPopup";
			};
			name = Debug;
		};
		D314AE30251C45F300414D41 /* Release */ = {
			isa = XCBuildConfiguration;
			buildSettings = {
				ALWAYS_EMBED_SWIFT_STANDARD_LIBRARIES = YES;
				BUNDLE_LOADER = "$(TEST_HOST)";
				CODE_SIGN_STYLE = Automatic;
				INFOPLIST_FILE = TestPopupTests/Info.plist;
				IPHONEOS_DEPLOYMENT_TARGET = 14.0;
				LD_RUNPATH_SEARCH_PATHS = (
					"$(inherited)",
					"@executable_path/Frameworks",
					"@loader_path/Frameworks",
				);
				PRODUCT_BUNDLE_IDENTIFIER = com.hikawaproj.TestPopupTests;
				PRODUCT_NAME = "$(TARGET_NAME)";
				SWIFT_VERSION = 5.0;
				TARGETED_DEVICE_FAMILY = "1,2";
				TEST_HOST = "$(BUILT_PRODUCTS_DIR)/TestPopup.app/TestPopup";
			};
			name = Release;
		};
		D314AE32251C45F300414D41 /* Debug */ = {
			isa = XCBuildConfiguration;
			buildSettings = {
				ALWAYS_EMBED_SWIFT_STANDARD_LIBRARIES = YES;
				CODE_SIGN_STYLE = Automatic;
				INFOPLIST_FILE = TestPopupUITests/Info.plist;
				LD_RUNPATH_SEARCH_PATHS = (
					"$(inherited)",
					"@executable_path/Frameworks",
					"@loader_path/Frameworks",
				);
				PRODUCT_BUNDLE_IDENTIFIER = com.hikawaproj.TestPopupUITests;
				PRODUCT_NAME = "$(TARGET_NAME)";
				SWIFT_VERSION = 5.0;
				TARGETED_DEVICE_FAMILY = "1,2";
				TEST_TARGET_NAME = TestPopup;
			};
			name = Debug;
		};
		D314AE33251C45F300414D41 /* Release */ = {
			isa = XCBuildConfiguration;
			buildSettings = {
				ALWAYS_EMBED_SWIFT_STANDARD_LIBRARIES = YES;
				CODE_SIGN_STYLE = Automatic;
				INFOPLIST_FILE = TestPopupUITests/Info.plist;
				LD_RUNPATH_SEARCH_PATHS = (
					"$(inherited)",
					"@executable_path/Frameworks",
					"@loader_path/Frameworks",
				);
				PRODUCT_BUNDLE_IDENTIFIER = com.hikawaproj.TestPopupUITests;
				PRODUCT_NAME = "$(TARGET_NAME)";
				SWIFT_VERSION = 5.0;
				TARGETED_DEVICE_FAMILY = "1,2";
				TEST_TARGET_NAME = TestPopup;
			};
			name = Release;
		};
/* End XCBuildConfiguration section */

/* Begin XCConfigurationList section */
		D314ADFC251C45EC00414D41 /* Build configuration list for PBXProject "TestPopup" */ = {
			isa = XCConfigurationList;
			buildConfigurations = (
				D314AE29251C45F300414D41 /* Debug */,
				D314AE2A251C45F300414D41 /* Release */,
			);
			defaultConfigurationIsVisible = 0;
			defaultConfigurationName = Release;
		};
		D314AE2B251C45F300414D41 /* Build configuration list for PBXNativeTarget "TestPopup" */ = {
			isa = XCConfigurationList;
			buildConfigurations = (
				D314AE2C251C45F300414D41 /* Debug */,
				D314AE2D251C45F300414D41 /* Release */,
			);
			defaultConfigurationIsVisible = 0;
			defaultConfigurationName = Release;
		};
		D314AE2E251C45F300414D41 /* Build configuration list for PBXNativeTarget "TestPopupTests" */ = {
			isa = XCConfigurationList;
			buildConfigurations = (
				D314AE2F251C45F300414D41 /* Debug */,
				D314AE30251C45F300414D41 /* Release */,
			);
			defaultConfigurationIsVisible = 0;
			defaultConfigurationName = Release;
		};
		D314AE31251C45F300414D41 /* Build configuration list for PBXNativeTarget "TestPopupUITests" */ = {
			isa = XCConfigurationList;
			buildConfigurations = (
				D314AE32251C45F300414D41 /* Debug */,
				D314AE33251C45F300414D41 /* Release */,
			);
			defaultConfigurationIsVisible = 0;
			defaultConfigurationName = Release;
		};
/* End XCConfigurationList section */
	};
	rootObject = D314ADF9251C45EC00414D41 /* Project object */;
}
