// !$*UTF8*$!
{
	archiveVersion = 1;
	classes = {
	};
	objectVersion = 51;
	objects = {

/* Begin PBXBuildFile section */
		2653754C251F864C87FB2624 /* Pods_TestPopup_TestPopupUITests.framework in Frameworks */ = {isa = PBXBuildFile; fileRef = 018D5AA95933A7BD29AD5E21 /* Pods_TestPopup_TestPopupUITests.framework */; };
		2FF8EC1813B625CC58C3857D /* Pods_TestPopupTests.framework in Frameworks */ = {isa = PBXBuildFile; fileRef = BC28D4FA1685459638C1CE10 /* Pods_TestPopupTests.framework */; };
		8C921124DE42294C6BBF525F /* Pods_TestPopup.framework in Frameworks */ = {isa = PBXBuildFile; fileRef = 377BCEB7F94B7A3F4C4D5D96 /* Pods_TestPopup.framework */; };
		D314AE05251C45EC00414D41 /* AppDelegate.swift in Sources */ = {isa = PBXBuildFile; fileRef = D314AE04251C45EC00414D41 /* AppDelegate.swift */; };
		D314AE07251C45EC00414D41 /* SceneDelegate.swift in Sources */ = {isa = PBXBuildFile; fileRef = D314AE06251C45EC00414D41 /* SceneDelegate.swift */; };
		D314AE09251C45EC00414D41 /* ViewController.swift in Sources */ = {isa = PBXBuildFile; fileRef = D314AE08251C45EC00414D41 /* ViewController.swift */; };
		D314AE0C251C45EC00414D41 /* Main.storyboard in Resources */ = {isa = PBXBuildFile; fileRef = D314AE0A251C45EC00414D41 /* Main.storyboard */; };
		D314AE0E251C45F300414D41 /* Assets.xcassets in Resources */ = {isa = PBXBuildFile; fileRef = D314AE0D251C45F300414D41 /* Assets.xcassets */; };
		D314AE11251C45F300414D41 /* LaunchScreen.storyboard in Resources */ = {isa = PBXBuildFile; fileRef = D314AE0F251C45F300414D41 /* LaunchScreen.storyboard */; };
		D314AE1C251C45F300414D41 /* TestPopupTests.swift in Sources */ = {isa = PBXBuildFile; fileRef = D314AE1B251C45F300414D41 /* TestPopupTests.swift */; };
		D314AE27251C45F300414D41 /* TestPopupUITests.swift in Sources */ = {isa = PBXBuildFile; fileRef = D314AE26251C45F300414D41 /* TestPopupUITests.swift */; };
		D314AE5E251C7A3D00414D41 /* SemiModalViewController.swift in Sources */ = {isa = PBXBuildFile; fileRef = D314AE5D251C7A3D00414D41 /* SemiModalViewController.swift */; };
		D33D665D251CDEED00A1A28D /* CustomFloatingPanelLayout.swift in Sources */ = {isa = PBXBuildFile; fileRef = D33D665C251CDEED00A1A28D /* CustomFloatingPanelLayout.swift */; };
		D33D66B62520948D00A1A28D /* PresentedViewController.swift in Sources */ = {isa = PBXBuildFile; fileRef = D33D66B52520948D00A1A28D /* PresentedViewController.swift */; };
		D33D66BE2520971200A1A28D /* PresentationController.swift in Sources */ = {isa = PBXBuildFile; fileRef = D33D66BD2520971200A1A28D /* PresentationController.swift */; };
/* End PBXBuildFile section */

/* Begin PBXContainerItemProxy section */
		D314AE18251C45F300414D41 /* PBXContainerItemProxy */ = {
			isa = PBXContainerItemProxy;
			containerPortal = D314ADF9251C45EC00414D41 /* Project object */;
			proxyType = 1;
			remoteGlobalIDString = D314AE00251C45EC00414D41;
			remoteInfo = TestPopup;
		};
		D314AE23251C45F300414D41 /* PBXContainerItemProxy */ = {
			isa = PBXContainerItemProxy;
			containerPortal = D314ADF9251C45EC00414D41 /* Project object */;
			proxyType = 1;
			remoteGlobalIDString = D314AE00251C45EC00414D41;
			remoteInfo = TestPopup;
		};
/* End PBXContainerItemProxy section */

/* Begin PBXFileReference section */
		018D5AA95933A7BD29AD5E21 /* Pods_TestPopup_TestPopupUITests.framework */ = {isa = PBXFileReference; explicitFileType = wrapper.framework; includeInIndex = 0; path = Pods_TestPopup_TestPopupUITests.framework; sourceTree = BUILT_PRODUCTS_DIR; };
		0AC7F32A303E3E7FB691E456 /* Pods-TestPopup.debug.xcconfig */ = {isa = PBXFileReference; includeInIndex = 1; lastKnownFileType = text.xcconfig; name = "Pods-TestPopup.debug.xcconfig"; path = "Target Support Files/Pods-TestPopup/Pods-TestPopup.debug.xcconfig"; sourceTree = "<group>"; };
		2DEBD06E51A80A50E7D4AD44 /* Pods-TestPopupTests.debug.xcconfig */ = {isa = PBXFileReference; includeInIndex = 1; lastKnownFileType = text.xcconfig; name = "Pods-TestPopupTests.debug.xcconfig"; path = "Target Support Files/Pods-TestPopupTests/Pods-TestPopupTests.debug.xcconfig"; sourceTree = "<group>"; };
		3209E795ADF5E3FD504D7673 /* Pods-TestPopup-TestPopupUITests.release.xcconfig */ = {isa = PBXFileReference; includeInIndex = 1; lastKnownFileType = text.xcconfig; name = "Pods-TestPopup-TestPopupUITests.release.xcconfig"; path = "Target Support Files/Pods-TestPopup-TestPopupUITests/Pods-TestPopup-TestPopupUITests.release.xcconfig"; sourceTree = "<group>"; };
		377BCEB7F94B7A3F4C4D5D96 /* Pods_TestPopup.framework */ = {isa = PBXFileReference; explicitFileType = wrapper.framework; includeInIndex = 0; path = Pods_TestPopup.framework; sourceTree = BUILT_PRODUCTS_DIR; };
		377DD236C38B2CF60DBC2C7C /* Pods-TestPopup-TestPopupUITests.debug.xcconfig */ = {isa = PBXFileReference; includeInIndex = 1; lastKnownFileType = text.xcconfig; name = "Pods-TestPopup-TestPopupUITests.debug.xcconfig"; path = "Target Support Files/Pods-TestPopup-TestPopupUITests/Pods-TestPopup-TestPopupUITests.debug.xcconfig"; sourceTree = "<group>"; };
		B322C283F2F1A7CF1692B631 /* Pods-TestPopup.release.xcconfig */ = {isa = PBXFileReference; includeInIndex = 1; lastKnownFileType = text.xcconfig; name = "Pods-TestPopup.release.xcconfig"; path = "Target Support Files/Pods-TestPopup/Pods-TestPopup.release.xcconfig"; sourceTree = "<group>"; };
		BC28D4FA1685459638C1CE10 /* Pods_TestPopupTests.framework */ = {isa = PBXFileReference; explicitFileType = wrapper.framework; includeInIndex = 0; path = Pods_TestPopupTests.framework; sourceTree = BUILT_PRODUCTS_DIR; };
		C3716F02443C09464A8198DB /* Pods-TestPopupTests.release.xcconfig */ = {isa = PBXFileReference; includeInIndex = 1; lastKnownFileType = text.xcconfig; name = "Pods-TestPopupTests.release.xcconfig"; path = "Target Support Files/Pods-TestPopupTests/Pods-TestPopupTests.release.xcconfig"; sourceTree = "<group>"; };
		D314AE01251C45EC00414D41 /* TestPopup.app */ = {isa = PBXFileReference; explicitFileType = wrapper.application; includeInIndex = 0; path = TestPopup.app; sourceTree = BUILT_PRODUCTS_DIR; };
		D314AE04251C45EC00414D41 /* AppDelegate.swift */ = {isa = PBXFileReference; lastKnownFileType = sourcecode.swift; path = AppDelegate.swift; sourceTree = "<group>"; };
		D314AE06251C45EC00414D41 /* SceneDelegate.swift */ = {isa = PBXFileReference; lastKnownFileType = sourcecode.swift; path = SceneDelegate.swift; sourceTree = "<group>"; };
		D314AE08251C45EC00414D41 /* ViewController.swift */ = {isa = PBXFileReference; lastKnownFileType = sourcecode.swift; path = ViewController.swift; sourceTree = "<group>"; };
		D314AE0B251C45EC00414D41 /* Base */ = {isa = PBXFileReference; lastKnownFileType = file.storyboard; name = Base; path = Base.lproj/Main.storyboard; sourceTree = "<group>"; };
		D314AE0D251C45F300414D41 /* Assets.xcassets */ = {isa = PBXFileReference; lastKnownFileType = folder.assetcatalog; path = Assets.xcassets; sourceTree = "<group>"; };
		D314AE10251C45F300414D41 /* Base */ = {isa = PBXFileReference; lastKnownFileType = file.storyboard; name = Base; path = Base.lproj/LaunchScreen.storyboard; sourceTree = "<group>"; };
		D314AE12251C45F300414D41 /* Info.plist */ = {isa = PBXFileReference; lastKnownFileType = text.plist.xml; path = Info.plist; sourceTree = "<group>"; };
		D314AE17251C45F300414D41 /* TestPopupTests.xctest */ = {isa = PBXFileReference; explicitFileType = wrapper.cfbundle; includeInIndex = 0; path = TestPopupTests.xctest; sourceTree = BUILT_PRODUCTS_DIR; };
		D314AE1B251C45F300414D41 /* TestPopupTests.swift */ = {isa = PBXFileReference; lastKnownFileType = sourcecode.swift; path = TestPopupTests.swift; sourceTree = "<group>"; };
		D314AE1D251C45F300414D41 /* Info.plist */ = {isa = PBXFileReference; lastKnownFileType = text.plist.xml; path = Info.plist; sourceTree = "<group>"; };
		D314AE22251C45F300414D41 /* TestPopupUITests.xctest */ = {isa = PBXFileReference; explicitFileType = wrapper.cfbundle; includeInIndex = 0; path = TestPopupUITests.xctest; sourceTree = BUILT_PRODUCTS_DIR; };
		D314AE26251C45F300414D41 /* TestPopupUITests.swift */ = {isa = PBXFileReference; lastKnownFileType = sourcecode.swift; path = TestPopupUITests.swift; sourceTree = "<group>"; };
		D314AE28251C45F300414D41 /* Info.plist */ = {isa = PBXFileReference; lastKnownFileType = text.plist.xml; path = Info.plist; sourceTree = "<group>"; };
		D314AE5D251C7A3D00414D41 /* SemiModalViewController.swift */ = {isa = PBXFileReference; lastKnownFileType = sourcecode.swift; path = SemiModalViewController.swift; sourceTree = "<group>"; };
		D33D665C251CDEED00A1A28D /* CustomFloatingPanelLayout.swift */ = {isa = PBXFileReference; lastKnownFileType = sourcecode.swift; path = CustomFloatingPanelLayout.swift; sourceTree = "<group>"; };
		D33D66B52520948D00A1A28D /* PresentedViewController.swift */ = {isa = PBXFileReference; lastKnownFileType = sourcecode.swift; path = PresentedViewController.swift; sourceTree = "<group>"; };
		D33D66BD2520971200A1A28D /* PresentationController.swift */ = {isa = PBXFileReference; lastKnownFileType = sourcecode.swift; path = PresentationController.swift; sourceTree = "<group>"; };
/* End PBXFileReference section */

/* Begin PBXFrameworksBuildPhase section */
		D314ADFE251C45EC00414D41 /* Frameworks */ = {
			isa = PBXFrameworksBuildPhase;
			buildActionMask = 2147483647;
			files = (
				8C921124DE42294C6BBF525F /* Pods_TestPopup.framework in Frameworks */,
			);
			runOnlyForDeploymentPostprocessing = 0;
		};
		D314AE14251C45F300414D41 /* Frameworks */ = {
			isa = PBXFrameworksBuildPhase;
			buildActionMask = 2147483647;
			files = (
				2FF8EC1813B625CC58C3857D /* Pods_TestPopupTests.framework in Frameworks */,
			);
			runOnlyForDeploymentPostprocessing = 0;
		};
		D314AE1F251C45F300414D41 /* Frameworks */ = {
			isa = PBXFrameworksBuildPhase;
			buildActionMask = 2147483647;
			files = (
				2653754C251F864C87FB2624 /* Pods_TestPopup_TestPopupUITests.framework in Frameworks */,
			);
			runOnlyForDeploymentPostprocessing = 0;
		};
/* End PBXFrameworksBuildPhase section */

/* Begin PBXGroup section */
		22BA07838C6135E302E752C7 /* Frameworks */ = {
			isa = PBXGroup;
			children = (
				377BCEB7F94B7A3F4C4D5D96 /* Pods_TestPopup.framework */,
				018D5AA95933A7BD29AD5E21 /* Pods_TestPopup_TestPopupUITests.framework */,
				BC28D4FA1685459638C1CE10 /* Pods_TestPopupTests.framework */,
			);
			name = Frameworks;
			sourceTree = "<group>";
		};
		2F7B46C35C080D4DB9BA5A7F /* Pods */ = {
			isa = PBXGroup;
			children = (
				0AC7F32A303E3E7FB691E456 /* Pods-TestPopup.debug.xcconfig */,
				B322C283F2F1A7CF1692B631 /* Pods-TestPopup.release.xcconfig */,
				377DD236C38B2CF60DBC2C7C /* Pods-TestPopup-TestPopupUITests.debug.xcconfig */,
				3209E795ADF5E3FD504D7673 /* Pods-TestPopup-TestPopupUITests.release.xcconfig */,
				2DEBD06E51A80A50E7D4AD44 /* Pods-TestPopupTests.debug.xcconfig */,
				C3716F02443C09464A8198DB /* Pods-TestPopupTests.release.xcconfig */,
			);
			path = Pods;
			sourceTree = "<group>";
		};
		D314ADF8251C45EC00414D41 = {
			isa = PBXGroup;
			children = (
				D314AE03251C45EC00414D41 /* TestPopup */,
				D314AE1A251C45F300414D41 /* TestPopupTests */,
				D314AE25251C45F300414D41 /* TestPopupUITests */,
				D314AE02251C45EC00414D41 /* Products */,
				2F7B46C35C080D4DB9BA5A7F /* Pods */,
				22BA07838C6135E302E752C7 /* Frameworks */,
			);
			sourceTree = "<group>";
		};
		D314AE02251C45EC00414D41 /* Products */ = {
			isa = PBXGroup;
			children = (
				D314AE01251C45EC00414D41 /* TestPopup.app */,
				D314AE17251C45F300414D41 /* TestPopupTests.xctest */,
				D314AE22251C45F300414D41 /* TestPopupUITests.xctest */,
			);
			name = Products;
			sourceTree = "<group>";
		};
		D314AE03251C45EC00414D41 /* TestPopup */ = {
			isa = PBXGroup;
			children = (
				D314AE08251C45EC00414D41 /* ViewController.swift */,
				D314AE5D251C7A3D00414D41 /* SemiModalViewController.swift */,
				D33D66B52520948D00A1A28D /* PresentedViewController.swift */,
				D33D66BD2520971200A1A28D /* PresentationController.swift */,
				D33D665C251CDEED00A1A28D /* CustomFloatingPanelLayout.swift */,
				D314AE0A251C45EC00414D41 /* Main.storyboard */,
				D314AE0D251C45F300414D41 /* Assets.xcassets */,
				D314AE06251C45EC00414D41 /* SceneDelegate.swift */,
				D314AE04251C45EC00414D41 /* AppDelegate.swift */,
				D314AE0F251C45F300414D41 /* LaunchScreen.storyboard */,
				D314AE12251C45F300414D41 /* Info.plist */,
			);
			path = TestPopup;
			sourceTree = "<group>";
		};
		D314AE1A251C45F300414D41 /* TestPopupTests */ = {
			isa = PBXGroup;
			children = (
				D314AE1B251C45F300414D41 /* TestPopupTests.swift */,
				D314AE1D251C45F300414D41 /* Info.plist */,
			);
			path = TestPopupTests;
			sourceTree = "<group>";
		};
		D314AE25251C45F300414D41 /* TestPopupUITests */ = {
			isa = PBXGroup;
			children = (
				D314AE26251C45F300414D41 /* TestPopupUITests.swift */,
				D314AE28251C45F300414D41 /* Info.plist */,
			);
			path = TestPopupUITests;
			sourceTree = "<group>";
		};
/* End PBXGroup section */

/* Begin PBXNativeTarget section */
		D314AE00251C45EC00414D41 /* TestPopup */ = {
			isa = PBXNativeTarget;
			buildConfigurationList = D314AE2B251C45F300414D41 /* Build configuration list for PBXNativeTarget "TestPopup" */;
			buildPhases = (
				59045E1D8D4B970CBDF03493 /* [CP] Check Pods Manifest.lock */,
				D314ADFD251C45EC00414D41 /* Sources */,
				D314ADFE251C45EC00414D41 /* Frameworks */,
				D314ADFF251C45EC00414D41 /* Resources */,
				2B0B80DFD2C6B709916793F6 /* [CP] Embed Pods Frameworks */,
			);
			buildRules = (
			);
			dependencies = (
			);
			name = TestPopup;
			productName = TestPopup;
			productReference = D314AE01251C45EC00414D41 /* TestPopup.app */;
			productType = "com.apple.product-type.application";
		};
		D314AE16251C45F300414D41 /* TestPopupTests */ = {
			isa = PBXNativeTarget;
			buildConfigurationList = D314AE2E251C45F300414D41 /* Build configuration list for PBXNativeTarget "TestPopupTests" */;
			buildPhases = (
				87C80D3DE15969E4C399CB44 /* [CP] Check Pods Manifest.lock */,
				D314AE13251C45F300414D41 /* Sources */,
				D314AE14251C45F300414D41 /* Frameworks */,
				D314AE15251C45F300414D41 /* Resources */,
			);
			buildRules = (
			);
			dependencies = (
				D314AE19251C45F300414D41 /* PBXTargetDependency */,
			);
			name = TestPopupTests;
			productName = TestPopupTests;
			productReference = D314AE17251C45F300414D41 /* TestPopupTests.xctest */;
			productType = "com.apple.product-type.bundle.unit-test";
		};
		D314AE21251C45F300414D41 /* TestPopupUITests */ = {
			isa = PBXNativeTarget;
			buildConfigurationList = D314AE31251C45F300414D41 /* Build configuration list for PBXNativeTarget "TestPopupUITests" */;
			buildPhases = (
				5DD9BB371760445BB4C75151 /* [CP] Check Pods Manifest.lock */,
				D314AE1E251C45F300414D41 /* Sources */,
				D314AE1F251C45F300414D41 /* Frameworks */,
				D314AE20251C45F300414D41 /* Resources */,
				5CA2A40BDA97CC9BCEFDE4DF /* [CP] Embed Pods Frameworks */,
			);
			buildRules = (
			);
			dependencies = (
				D314AE24251C45F300414D41 /* PBXTargetDependency */,
			);
			name = TestPopupUITests;
			productName = TestPopupUITests;
			productReference = D314AE22251C45F300414D41 /* TestPopupUITests.xctest */;
			productType = "com.apple.product-type.bundle.ui-testing";
		};
/* End PBXNativeTarget section */

/* Begin PBXProject section */
		D314ADF9251C45EC00414D41 /* Project object */ = {
			isa = PBXProject;
			attributes = {
				LastSwiftUpdateCheck = 1200;
				LastUpgradeCheck = 1200;
				TargetAttributes = {
					D314AE00251C45EC00414D41 = {
						CreatedOnToolsVersion = 12.0;
					};
					D314AE16251C45F300414D41 = {
						CreatedOnToolsVersion = 12.0;
						TestTargetID = D314AE00251C45EC00414D41;
					};
					D314AE21251C45F300414D41 = {
						CreatedOnToolsVersion = 12.0;
						TestTargetID = D314AE00251C45EC00414D41;
					};
				};
			};
			buildConfigurationList = D314ADFC251C45EC00414D41 /* Build configuration list for PBXProject "TestPopup" */;
			compatibilityVersion = "Xcode 9.3";
			developmentRegion = en;
			hasScannedForEncodings = 0;
			knownRegions = (
				en,
				Base,
			);
			mainGroup = D314ADF8251C45EC00414D41;
			productRefGroup = D314AE02251C45EC00414D41 /* Products */;
			projectDirPath = "";
			projectRoot = "";
			targets = (
				D314AE00251C45EC00414D41 /* TestPopup */,
				D314AE16251C45F300414D41 /* TestPopupTests */,
				D314AE21251C45F300414D41 /* TestPopupUITests */,
			);
		};
/* End PBXProject section */

/* Begin PBXResourcesBuildPhase section */
		D314ADFF251C45EC00414D41 /* Resources */ = {
			isa = PBXResourcesBuildPhase;
			buildActionMask = 2147483647;
			files = (
				D314AE11251C45F300414D41 /* LaunchScreen.storyboard in Resources */,
				D314AE0E251C45F300414D41 /* Assets.xcassets in Resources */,
				D314AE0C251C45EC00414D41 /* Main.storyboard in Resources */,
			);
			runOnlyForDeploymentPostprocessing = 0;
		};
		D314AE15251C45F300414D41 /* Resources */ = {
			isa = PBXResourcesBuildPhase;
			buildActionMask = 2147483647;
			files = (
			);
			runOnlyForDeploymentPostprocessing = 0;
		};
		D314AE20251C45F300414D41 /* Resources */ = {
			isa = PBXResourcesBuildPhase;
			buildActionMask = 2147483647;
			files = (
			);
			runOnlyForDeploymentPostprocessing = 0;
		};
/* End PBXResourcesBuildPhase section */

/* Begin PBXShellScriptBuildPhase section */
		2B0B80DFD2C6B709916793F6 /* [CP] Embed Pods Frameworks */ = {
			isa = PBXShellScriptBuildPhase;
			buildActionMask = 2147483647;
			files = (
			);
			inputFileListPaths = (
				"${PODS_ROOT}/Target Support Files/Pods-TestPopup/Pods-TestPopup-frameworks-${CONFIGURATION}-input-files.xcfilelist",
			);
			name = "[CP] Embed Pods Frameworks";
			outputFileListPaths = (
				"${PODS_ROOT}/Target Support Files/Pods-TestPopup/Pods-TestPopup-frameworks-${CONFIGURATION}-output-files.xcfilelist",
			);
			runOnlyForDeploymentPostprocessing = 0;
			shellPath = /bin/sh;
			shellScript = "\"${PODS_ROOT}/Target Support Files/Pods-TestPopup/Pods-TestPopup-frameworks.sh\"\n";
			showEnvVarsInLog = 0;
		};
		59045E1D8D4B970CBDF03493 /* [CP] Check Pods Manifest.lock */ = {
			isa = PBXShellScriptBuildPhase;
			buildActionMask = 2147483647;
			files = (
			);
			inputFileListPaths = (
			);
			inputPaths = (
				"${PODS_PODFILE_DIR_PATH}/Podfile.lock",
				"${PODS_ROOT}/Manifest.lock",
			);
			name = "[CP] Check Pods Manifest.lock";
			outputFileListPaths = (
			);
			outputPaths = (
				"$(DERIVED_FILE_DIR)/Pods-TestPopup-checkManifestLockResult.txt",
			);
			runOnlyForDeploymentPostprocessing = 0;
			shellPath = /bin/sh;
			shellScript = "diff \"${PODS_PODFILE_DIR_PATH}/Podfile.lock\" \"${PODS_ROOT}/Manifest.lock\" > /dev/null\nif [ $? != 0 ] ; then\n    # print error to STDERR\n    echo \"error: The sandbox is not in sync with the Podfile.lock. Run 'pod install' or update your CocoaPods installation.\" >&2\n    exit 1\nfi\n# This output is used by Xcode 'outputs' to avoid re-running this script phase.\necho \"SUCCESS\" > \"${SCRIPT_OUTPUT_FILE_0}\"\n";
			showEnvVarsInLog = 0;
		};
		5CA2A40BDA97CC9BCEFDE4DF /* [CP] Embed Pods Frameworks */ = {
			isa = PBXShellScriptBuildPhase;
			buildActionMask = 2147483647;
			files = (
			);
			inputFileListPaths = (
				"${PODS_ROOT}/Target Support Files/Pods-TestPopup-TestPopupUITests/Pods-TestPopup-TestPopupUITests-frameworks-${CONFIGURATION}-input-files.xcfilelist",
			);
			name = "[CP] Embed Pods Frameworks";
			outputFileListPaths = (
				"${PODS_ROOT}/Target Support Files/Pods-TestPopup-TestPopupUITests/Pods-TestPopup-TestPopupUITests-frameworks-${CONFIGURATION}-output-files.xcfilelist",
			);
			runOnlyForDeploymentPostprocessing = 0;
			shellPath = /bin/sh;
			shellScript = "\"${PODS_ROOT}/Target Support Files/Pods-TestPopup-TestPopupUITests/Pods-TestPopup-TestPopupUITests-frameworks.sh\"\n";
			showEnvVarsInLog = 0;
		};
		5DD9BB371760445BB4C75151 /* [CP] Check Pods Manifest.lock */ = {
			isa = PBXShellScriptBuildPhase;
			buildActionMask = 2147483647;
			files = (
			);
			inputFileListPaths = (
			);
			inputPaths = (
				"${PODS_PODFILE_DIR_PATH}/Podfile.lock",
				"${PODS_ROOT}/Manifest.lock",
			);
			name = "[CP] Check Pods Manifest.lock";
			outputFileListPaths = (
			);
			outputPaths = (
				"$(DERIVED_FILE_DIR)/Pods-TestPopup-TestPopupUITests-checkManifestLockResult.txt",
			);
			runOnlyForDeploymentPostprocessing = 0;
			shellPath = /bin/sh;
			shellScript = "diff \"${PODS_PODFILE_DIR_PATH}/Podfile.lock\" \"${PODS_ROOT}/Manifest.lock\" > /dev/null\nif [ $? != 0 ] ; then\n    # print error to STDERR\n    echo \"error: The sandbox is not in sync with the Podfile.lock. Run 'pod install' or update your CocoaPods installation.\" >&2\n    exit 1\nfi\n# This output is used by Xcode 'outputs' to avoid re-running this script phase.\necho \"SUCCESS\" > \"${SCRIPT_OUTPUT_FILE_0}\"\n";
			showEnvVarsInLog = 0;
		};
		87C80D3DE15969E4C399CB44 /* [CP] Check Pods Manifest.lock */ = {
			isa = PBXShellScriptBuildPhase;
			buildActionMask = 2147483647;
			files = (
			);
			inputFileListPaths = (
			);
			inputPaths = (
				"${PODS_PODFILE_DIR_PATH}/Podfile.lock",
				"${PODS_ROOT}/Manifest.lock",
			);
			name = "[CP] Check Pods Manifest.lock";
			outputFileListPaths = (
			);
			outputPaths = (
				"$(DERIVED_FILE_DIR)/Pods-TestPopupTests-checkManifestLockResult.txt",
			);
			runOnlyForDeploymentPostprocessing = 0;
			shellPath = /bin/sh;
			shellScript = "diff \"${PODS_PODFILE_DIR_PATH}/Podfile.lock\" \"${PODS_ROOT}/Manifest.lock\" > /dev/null\nif [ $? != 0 ] ; then\n    # print error to STDERR\n    echo \"error: The sandbox is not in sync with the Podfile.lock. Run 'pod install' or update your CocoaPods installation.\" >&2\n    exit 1\nfi\n# This output is used by Xcode 'outputs' to avoid re-running this script phase.\necho \"SUCCESS\" > \"${SCRIPT_OUTPUT_FILE_0}\"\n";
			showEnvVarsInLog = 0;
		};
/* End PBXShellScriptBuildPhase section */

/* Begin PBXSourcesBuildPhase section */
		D314ADFD251C45EC00414D41 /* Sources */ = {
			isa = PBXSourcesBuildPhase;
			buildActionMask = 2147483647;
			files = (
				D314AE09251C45EC00414D41 /* ViewController.swift in Sources */,
				D314AE5E251C7A3D00414D41 /* SemiModalViewController.swift in Sources */,
				D33D66BE2520971200A1A28D /* PresentationController.swift in Sources */,
				D314AE05251C45EC00414D41 /* AppDelegate.swift in Sources */,
				D314AE07251C45EC00414D41 /* SceneDelegate.swift in Sources */,
				D33D665D251CDEED00A1A28D /* CustomFloatingPanelLayout.swift in Sources */,
				D33D66B62520948D00A1A28D /* PresentedViewController.swift in Sources */,
			);
			runOnlyForDeploymentPostprocessing = 0;
		};
		D314AE13251C45F300414D41 /* Sources */ = {
			isa = PBXSourcesBuildPhase;
			buildActionMask = 2147483647;
			files = (
				D314AE1C251C45F300414D41 /* TestPopupTests.swift in Sources */,
			);
			runOnlyForDeploymentPostprocessing = 0;
		};
		D314AE1E251C45F300414D41 /* Sources */ = {
			isa = PBXSourcesBuildPhase;
			buildActionMask = 2147483647;
			files = (
				D314AE27251C45F300414D41 /* TestPopupUITests.swift in Sources */,
			);
			runOnlyForDeploymentPostprocessing = 0;
		};
/* End PBXSourcesBuildPhase section */

/* Begin PBXTargetDependency section */
		D314AE19251C45F300414D41 /* PBXTargetDependency */ = {
			isa = PBXTargetDependency;
			target = D314AE00251C45EC00414D41 /* TestPopup */;
			targetProxy = D314AE18251C45F300414D41 /* PBXContainerItemProxy */;
		};
		D314AE24251C45F300414D41 /* PBXTargetDependency */ = {
			isa = PBXTargetDependency;
			target = D314AE00251C45EC00414D41 /* TestPopup */;
			targetProxy = D314AE23251C45F300414D41 /* PBXContainerItemProxy */;
		};
/* End PBXTargetDependency section */

/* Begin PBXVariantGroup section */
		D314AE0A251C45EC00414D41 /* Main.storyboard */ = {
			isa = PBXVariantGroup;
			children = (
				D314AE0B251C45EC00414D41 /* Base */,
			);
			name = Main.storyboard;
			sourceTree = "<group>";
		};
		D314AE0F251C45F300414D41 /* LaunchScreen.storyboard */ = {
			isa = PBXVariantGroup;
			children = (
				D314AE10251C45F300414D41 /* Base */,
			);
			name = LaunchScreen.storyboard;
			sourceTree = "<group>";
		};
/* End PBXVariantGroup section */

/* Begin XCBuildConfiguration section */
		D314AE29251C45F300414D41 /* Debug */ = {
			isa = XCBuildConfiguration;
			buildSettings = {
				ALWAYS_SEARCH_USER_PATHS = NO;
				CLANG_ANALYZER_NONNULL = YES;
				CLANG_ANALYZER_NUMBER_OBJECT_CONVERSION = YES_AGGRESSIVE;
				CLANG_CXX_LANGUAGE_STANDARD = "gnu++14";
				CLANG_CXX_LIBRARY = "libc++";
				CLANG_ENABLE_MODULES = YES;
				CLANG_ENABLE_OBJC_ARC = YES;
				CLANG_ENABLE_OBJC_WEAK = YES;
				CLANG_WARN_BLOCK_CAPTURE_AUTORELEASING = YES;
				CLANG_WARN_BOOL_CONVERSION = YES;
				CLANG_WARN_COMMA = YES;
				CLANG_WARN_CONSTANT_CONVERSION = YES;
				CLANG_WARN_DEPRECATED_OBJC_IMPLEMENTATIONS = YES;
				CLANG_WARN_DIRECT_OBJC_ISA_USAGE = YES_ERROR;
				CLANG_WARN_DOCUMENTATION_COMMENTS = YES;
				CLANG_WARN_EMPTY_BODY = YES;
				CLANG_WARN_ENUM_CONVERSION = YES;
				CLANG_WARN_INFINITE_RECURSION = YES;
				CLANG_WARN_INT_CONVERSION = YES;
				CLANG_WARN_NON_LITERAL_NULL_CONVERSION = YES;
				CLANG_WARN_OBJC_IMPLICIT_RETAIN_SELF = YES;
				CLANG_WARN_OBJC_LITERAL_CONVERSION = YES;
				CLANG_WARN_OBJC_ROOT_CLASS = YES_ERROR;
				CLANG_WARN_QUOTED_INCLUDE_IN_FRAMEWORK_HEADER = YES;
				CLANG_WARN_RANGE_LOOP_ANALYSIS = YES;
				CLANG_WARN_STRICT_PROTOTYPES = YES;
				CLANG_WARN_SUSPICIOUS_MOVE = YES;
				CLANG_WARN_UNGUARDED_AVAILABILITY = YES_AGGRESSIVE;
				CLANG_WARN_UNREACHABLE_CODE = YES;
				CLANG_WARN__DUPLICATE_METHOD_MATCH = YES;
				COPY_PHASE_STRIP = NO;
				DEBUG_INFORMATION_FORMAT = dwarf;
				ENABLE_STRICT_OBJC_MSGSEND = YES;
				ENABLE_TESTABILITY = YES;
				GCC_C_LANGUAGE_STANDARD = gnu11;
				GCC_DYNAMIC_NO_PIC = NO;
				GCC_NO_COMMON_BLOCKS = YES;
				GCC_OPTIMIZATION_LEVEL = 0;
				GCC_PREPROCESSOR_DEFINITIONS = (
					"DEBUG=1",
					"$(inherited)",
				);
				GCC_WARN_64_TO_32_BIT_CONVERSION = YES;
				GCC_WARN_ABOUT_RETURN_TYPE = YES_ERROR;
				GCC_WARN_UNDECLARED_SELECTOR = YES;
				GCC_WARN_UNINITIALIZED_AUTOS = YES_AGGRESSIVE;
				GCC_WARN_UNUSED_FUNCTION = YES;
				GCC_WARN_UNUSED_VARIABLE = YES;
				IPHONEOS_DEPLOYMENT_TARGET = 14.0;
				MTL_ENABLE_DEBUG_INFO = INCLUDE_SOURCE;
				MTL_FAST_MATH = YES;
				ONLY_ACTIVE_ARCH = YES;
				SDKROOT = iphoneos;
				SWIFT_ACTIVE_COMPILATION_CONDITIONS = DEBUG;
				SWIFT_OPTIMIZATION_LEVEL = "-Onone";
			};
			name = Debug;
		};
		D314AE2A251C45F300414D41 /* Release */ = {
			isa = XCBuildConfiguration;
			buildSettings = {
				ALWAYS_SEARCH_USER_PATHS = NO;
				CLANG_ANALYZER_NONNULL = YES;
				CLANG_ANALYZER_NUMBER_OBJECT_CONVERSION = YES_AGGRESSIVE;
				CLANG_CXX_LANGUAGE_STANDARD = "gnu++14";
				CLANG_CXX_LIBRARY = "libc++";
				CLANG_ENABLE_MODULES = YES;
				CLANG_ENABLE_OBJC_ARC = YES;
				CLANG_ENABLE_OBJC_WEAK = YES;
				CLANG_WARN_BLOCK_CAPTURE_AUTORELEASING = YES;
				CLANG_WARN_BOOL_CONVERSION = YES;
				CLANG_WARN_COMMA = YES;
				CLANG_WARN_CONSTANT_CONVERSION = YES;
				CLANG_WARN_DEPRECATED_OBJC_IMPLEMENTATIONS = YES;
				CLANG_WARN_DIRECT_OBJC_ISA_USAGE = YES_ERROR;
				CLANG_WARN_DOCUMENTATION_COMMENTS = YES;
				CLANG_WARN_EMPTY_BODY = YES;
				CLANG_WARN_ENUM_CONVERSION = YES;
				CLANG_WARN_INFINITE_RECURSION = YES;
				CLANG_WARN_INT_CONVERSION = YES;
				CLANG_WARN_NON_LITERAL_NULL_CONVERSION = YES;
				CLANG_WARN_OBJC_IMPLICIT_RETAIN_SELF = YES;
				CLANG_WARN_OBJC_LITERAL_CONVERSION = YES;
				CLANG_WARN_OBJC_ROOT_CLASS = YES_ERROR;
				CLANG_WARN_QUOTED_INCLUDE_IN_FRAMEWORK_HEADER = YES;
				CLANG_WARN_RANGE_LOOP_ANALYSIS = YES;
				CLANG_WARN_STRICT_PROTOTYPES = YES;
				CLANG_WARN_SUSPICIOUS_MOVE = YES;
				CLANG_WARN_UNGUARDED_AVAILABILITY = YES_AGGRESSIVE;
				CLANG_WARN_UNREACHABLE_CODE = YES;
				CLANG_WARN__DUPLICATE_METHOD_MATCH = YES;
				COPY_PHASE_STRIP = NO;
				DEBUG_INFORMATION_FORMAT = "dwarf-with-dsym";
				ENABLE_NS_ASSERTIONS = NO;
				ENABLE_STRICT_OBJC_MSGSEND = YES;
				GCC_C_LANGUAGE_STANDARD = gnu11;
				GCC_NO_COMMON_BLOCKS = YES;
				GCC_WARN_64_TO_32_BIT_CONVERSION = YES;
				GCC_WARN_ABOUT_RETURN_TYPE = YES_ERROR;
				GCC_WARN_UNDECLARED_SELECTOR = YES;
				GCC_WARN_UNINITIALIZED_AUTOS = YES_AGGRESSIVE;
				GCC_WARN_UNUSED_FUNCTION = YES;
				GCC_WARN_UNUSED_VARIABLE = YES;
				IPHONEOS_DEPLOYMENT_TARGET = 14.0;
				MTL_ENABLE_DEBUG_INFO = NO;
				MTL_FAST_MATH = YES;
				SDKROOT = iphoneos;
				SWIFT_COMPILATION_MODE = wholemodule;
				SWIFT_OPTIMIZATION_LEVEL = "-O";
				VALIDATE_PRODUCT = YES;
			};
			name = Release;
		};
		D314AE2C251C45F300414D41 /* Debug */ = {
			isa = XCBuildConfiguration;
			baseConfigurationReference = 0AC7F32A303E3E7FB691E456 /* Pods-TestPopup.debug.xcconfig */;
			buildSettings = {
				ASSETCATALOG_COMPILER_APPICON_NAME = AppIcon;
				ASSETCATALOG_COMPILER_GLOBAL_ACCENT_COLOR_NAME = AccentColor;
				CODE_SIGN_STYLE = Automatic;
				INFOPLIST_FILE = TestPopup/Info.plist;
				LD_RUNPATH_SEARCH_PATHS = (
					"$(inherited)",
					"@executable_path/Frameworks",
				);
				PRODUCT_BUNDLE_IDENTIFIER = com.hikawaproj.TestPopup;
				PRODUCT_NAME = "$(TARGET_NAME)";
				SWIFT_VERSION = 5.0;
				TARGETED_DEVICE_FAMILY = "1,2";
			};
			name = Debug;
		};
		D314AE2D251C45F300414D41 /* Release */ = {
			isa = XCBuildConfiguration;
			baseConfigurationReference = B322C283F2F1A7CF1692B631 /* Pods-TestPopup.release.xcconfig */;
			buildSettings = {
				ASSETCATALOG_COMPILER_APPICON_NAME = AppIcon;
				ASSETCATALOG_COMPILER_GLOBAL_ACCENT_COLOR_NAME = AccentColor;
				CODE_SIGN_STYLE = Automatic;
				INFOPLIST_FILE = TestPopup/Info.plist;
				LD_RUNPATH_SEARCH_PATHS = (
					"$(inherited)",
					"@executable_path/Frameworks",
				);
				PRODUCT_BUNDLE_IDENTIFIER = com.hikawaproj.TestPopup;
				PRODUCT_NAME = "$(TARGET_NAME)";
				SWIFT_VERSION = 5.0;
				TARGETED_DEVICE_FAMILY = "1,2";
			};
			name = Release;
		};
		D314AE2F251C45F300414D41 /* Debug */ = {
			isa = XCBuildConfiguration;
			baseConfigurationReference = 2DEBD06E51A80A50E7D4AD44 /* Pods-TestPopupTests.debug.xcconfig */;
			buildSettings = {
				ALWAYS_EMBED_SWIFT_STANDARD_LIBRARIES = YES;
				BUNDLE_LOADER = "$(TEST_HOST)";
				CODE_SIGN_STYLE = Automatic;
				INFOPLIST_FILE = TestPopupTests/Info.plist;
				IPHONEOS_DEPLOYMENT_TARGET = 14.0;
				LD_RUNPATH_SEARCH_PATHS = (
					"$(inherited)",
					"@executable_path/Frameworks",
					"@loader_path/Frameworks",
				);
				PRODUCT_BUNDLE_IDENTIFIER = com.hikawaproj.TestPopupTests;
				PRODUCT_NAME = "$(TARGET_NAME)";
				SWIFT_VERSION = 5.0;
				TARGETED_DEVICE_FAMILY = "1,2";
				TEST_HOST = "$(BUILT_PRODUCTS_DIR)/TestPopup.app/TestPopup";
			};
			name = Debug;
		};
		D314AE30251C45F300414D41 /* Release */ = {
			isa = XCBuildConfiguration;
			baseConfigurationReference = C3716F02443C09464A8198DB /* Pods-TestPopupTests.release.xcconfig */;
			buildSettings = {
				ALWAYS_EMBED_SWIFT_STANDARD_LIBRARIES = YES;
				BUNDLE_LOADER = "$(TEST_HOST)";
				CODE_SIGN_STYLE = Automatic;
				INFOPLIST_FILE = TestPopupTests/Info.plist;
				IPHONEOS_DEPLOYMENT_TARGET = 14.0;
				LD_RUNPATH_SEARCH_PATHS = (
					"$(inherited)",
					"@executable_path/Frameworks",
					"@loader_path/Frameworks",
				);
				PRODUCT_BUNDLE_IDENTIFIER = com.hikawaproj.TestPopupTests;
				PRODUCT_NAME = "$(TARGET_NAME)";
				SWIFT_VERSION = 5.0;
				TARGETED_DEVICE_FAMILY = "1,2";
				TEST_HOST = "$(BUILT_PRODUCTS_DIR)/TestPopup.app/TestPopup";
			};
			name = Release;
		};
		D314AE32251C45F300414D41 /* Debug */ = {
			isa = XCBuildConfiguration;
			baseConfigurationReference = 377DD236C38B2CF60DBC2C7C /* Pods-TestPopup-TestPopupUITests.debug.xcconfig */;
			buildSettings = {
				ALWAYS_EMBED_SWIFT_STANDARD_LIBRARIES = YES;
				CODE_SIGN_STYLE = Automatic;
				INFOPLIST_FILE = TestPopupUITests/Info.plist;
				LD_RUNPATH_SEARCH_PATHS = (
					"$(inherited)",
					"@executable_path/Frameworks",
					"@loader_path/Frameworks",
				);
				PRODUCT_BUNDLE_IDENTIFIER = com.hikawaproj.TestPopupUITests;
				PRODUCT_NAME = "$(TARGET_NAME)";
				SWIFT_VERSION = 5.0;
				TARGETED_DEVICE_FAMILY = "1,2";
				TEST_TARGET_NAME = TestPopup;
			};
			name = Debug;
		};
		D314AE33251C45F300414D41 /* Release */ = {
			isa = XCBuildConfiguration;
			baseConfigurationReference = 3209E795ADF5E3FD504D7673 /* Pods-TestPopup-TestPopupUITests.release.xcconfig */;
			buildSettings = {
				ALWAYS_EMBED_SWIFT_STANDARD_LIBRARIES = YES;
				CODE_SIGN_STYLE = Automatic;
				INFOPLIST_FILE = TestPopupUITests/Info.plist;
				LD_RUNPATH_SEARCH_PATHS = (
					"$(inherited)",
					"@executable_path/Frameworks",
					"@loader_path/Frameworks",
				);
				PRODUCT_BUNDLE_IDENTIFIER = com.hikawaproj.TestPopupUITests;
				PRODUCT_NAME = "$(TARGET_NAME)";
				SWIFT_VERSION = 5.0;
				TARGETED_DEVICE_FAMILY = "1,2";
				TEST_TARGET_NAME = TestPopup;
			};
			name = Release;
		};
/* End XCBuildConfiguration section */

/* Begin XCConfigurationList section */
		D314ADFC251C45EC00414D41 /* Build configuration list for PBXProject "TestPopup" */ = {
			isa = XCConfigurationList;
			buildConfigurations = (
				D314AE29251C45F300414D41 /* Debug */,
				D314AE2A251C45F300414D41 /* Release */,
			);
			defaultConfigurationIsVisible = 0;
			defaultConfigurationName = Release;
		};
		D314AE2B251C45F300414D41 /* Build configuration list for PBXNativeTarget "TestPopup" */ = {
			isa = XCConfigurationList;
			buildConfigurations = (
				D314AE2C251C45F300414D41 /* Debug */,
				D314AE2D251C45F300414D41 /* Release */,
			);
			defaultConfigurationIsVisible = 0;
			defaultConfigurationName = Release;
		};
		D314AE2E251C45F300414D41 /* Build configuration list for PBXNativeTarget "TestPopupTests" */ = {
			isa = XCConfigurationList;
			buildConfigurations = (
				D314AE2F251C45F300414D41 /* Debug */,
				D314AE30251C45F300414D41 /* Release */,
			);
			defaultConfigurationIsVisible = 0;
			defaultConfigurationName = Release;
		};
		D314AE31251C45F300414D41 /* Build configuration list for PBXNativeTarget "TestPopupUITests" */ = {
			isa = XCConfigurationList;
			buildConfigurations = (
				D314AE32251C45F300414D41 /* Debug */,
				D314AE33251C45F300414D41 /* Release */,
			);
			defaultConfigurationIsVisible = 0;
			defaultConfigurationName = Release;
		};
/* End XCConfigurationList section */
	};
	rootObject = D314ADF9251C45EC00414D41 /* Project object */;
}
